
Microsoft Visual Studio Solution File, Format Version 12.00
# Visual Studio Version 17
VisualStudioVersion = 17.0.31903.59
MinimumVisualStudioVersion = 10.0.40219.1
Project("{FAE04EC0-301F-11D3-BF4B-00C04F79EFBC}") = "Doyel.API", "Doyel.API\Doyel.API.csproj", "{CA56ADD9-96B9-404C-BDFA-BA36AAA770E7}"
EndProject
Project("{FAE04EC0-301F-11D3-BF4B-00C04F79EFBC}") = "Doyel.Domain", "Doyel.Domain\Doyel.Domain.csproj", "{BE1E23AE-AF55-4C52-BFC2-1BE0FD93693E}"
EndProject
Project("{FAE04EC0-301F-11D3-BF4B-00C04F79EFBC}") = "Doyel.Infrastructure", "Doyel.Infrastructure\Doyel.Infrastructure.csproj", "{446DF7D2-02A0-4B30-85C2-7AAB33ED63C8}"
EndProject
Project("{FAE04EC0-301F-11D3-BF4B-00C04F79EFBC}") = "Doyel.Application", "Doyel.Application\Doyel.Application.csproj", "{5ED218D8-BA92-4AEF-B21E-B41F410A362E}"
EndProject
Global
	GlobalSection(SolutionConfigurationPlatforms) = preSolution
		Debug|Any CPU = Debug|Any CPU
		Release|Any CPU = Release|Any CPU
	EndGlobalSection
	GlobalSection(ProjectConfigurationPlatforms) = postSolution
		{CA56ADD9-96B9-404C-BDFA-BA36AAA770E7}.Debug|Any CPU.ActiveCfg = Debug|Any CPU
		{CA56ADD9-96B9-404C-BDFA-BA36AAA770E7}.Debug|Any CPU.Build.0 = Debug|Any CPU
		{CA56ADD9-96B9-404C-BDFA-BA36AAA770E7}.Release|Any CPU.ActiveCfg = Release|Any CPU
		{CA56ADD9-96B9-404C-BDFA-BA36AAA770E7}.Release|Any CPU.Build.0 = Release|Any CPU
		{BE1E23AE-AF55-4C52-BFC2-1BE0FD93693E}.Debug|Any CPU.ActiveCfg = Debug|Any CPU
		{BE1E23AE-AF55-4C52-BFC2-1BE0FD93693E}.Debug|Any CPU.Build.0 = Debug|Any CPU
		{BE1E23AE-AF55-4C52-BFC2-1BE0FD93693E}.Release|Any CPU.ActiveCfg = Release|Any CPU
		{BE1E23AE-AF55-4C52-BFC2-1BE0FD93693E}.Release|Any CPU.Build.0 = Release|Any CPU
		{446DF7D2-02A0-4B30-85C2-7AAB33ED63C8}.Debug|Any CPU.ActiveCfg = Debug|Any CPU
		{446DF7D2-02A0-4B30-85C2-7AAB33ED63C8}.Debug|Any CPU.Build.0 = Debug|Any CPU
		{446DF7D2-02A0-4B30-85C2-7AAB33ED63C8}.Release|Any CPU.ActiveCfg = Release|Any CPU
		{446DF7D2-02A0-4B30-85C2-7AAB33ED63C8}.Release|Any CPU.Build.0 = Release|Any CPU
		{5ED218D8-BA92-4AEF-B21E-B41F410A362E}.Debug|Any CPU.ActiveCfg = Debug|Any CPU
		{5ED218D8-BA92-4AEF-B21E-B41F410A362E}.Debug|Any CPU.Build.0 = Debug|Any CPU
		{5ED218D8-BA92-4AEF-B21E-B41F410A362E}.Release|Any CPU.ActiveCfg = Release|Any CPU
		{5ED218D8-BA92-4AEF-B21E-B41F410A362E}.Release|Any CPU.Build.0 = Release|Any CPU
	EndGlobalSection
	GlobalSection(SolutionProperties) = preSolution
		HideSolutionNode = FALSE
	EndGlobalSection
	GlobalSection(ExtensibilityGlobals) = postSolution
		SolutionGuid = {89CFC3E5-45C0-404D-A3DE-7F3C9F46D14B}
	EndGlobalSection
EndGlobal
